{
  "name": "arrasbosses",
  "version": "2.0.0",
  "lockfileVersion": 1,
  "requires": true,
  "dependencies": {
    "eris": {
      "version": "0.8.6",
      "requires": {
        "opusscript": "^0.0.4",
        "tweetnacl": "^1.0.0",
        "ws": "^5.2.0"
      },
      "dependencies": {
        "async-limiter": {
          "version": "1.0.1",
          "bundled": true
        },
        "opusscript": {
          "version": "0.0.4",
          "bundled": true,
          "optional": true
        },
        "tweetnacl": {
          "version": "1.0.3",
          "bundled": true,
          "optional": true
        },
        "ws": {
          "version": "5.2.2",
          "bundled": true,
          "requires": {
            "async-limiter": "~1.0.0"
          }
        }
      }
    },
    "google-closure-library": {
      "version": "20180506.0.0"
    },
    "ws": {
      "version": "6.1.0",
      "requires": {
        "async-limiter": "~1.0.0"
      },
      "dependencies": {
        "async-limiter": {
          "version": "1.0.1",
          "bundled": true
        }
      }
    }
  }
}
